// !$*UTF8*$!
{
	archiveVersion = 1;
	classes = {
	};
	objectVersion = 56;
	objects = {

/* Begin PBXBuildFile section */
		AD7FF1B72915637900ACFA79 /* ToDoList5App.swift in Sources */ = {isa = PBXBuildFile; fileRef = AD7FF1B62915637900ACFA79 /* ToDoList5App.swift */; };
		AD7FF1B92915637900ACFA79 /* ContentView.swift in Sources */ = {isa = PBXBuildFile; fileRef = AD7FF1B82915637900ACFA79 /* ContentView.swift */; };
		AD7FF1BB2915637A00ACFA79 /* Assets.xcassets in Resources */ = {isa = PBXBuildFile; fileRef = AD7FF1BA2915637A00ACFA79 /* Assets.xcassets */; };
		AD7FF1BE2915637A00ACFA79 /* Preview Assets.xcassets in Resources */ = {isa = PBXBuildFile; fileRef = AD7FF1BD2915637A00ACFA79 /* Preview Assets.xcassets */; };
		AD7FF1C52915641200ACFA79 /* ToDoList.swift in Sources */ = {isa = PBXBuildFile; fileRef = AD7FF1C42915641200ACFA79 /* ToDoList.swift */; };
		AD7FF1C72915645F00ACFA79 /* ToDoListStore.swift in Sources */ = {isa = PBXBuildFile; fileRef = AD7FF1C62915645F00ACFA79 /* ToDoListStore.swift */; };
		AD7FF1C92915654F00ACFA79 /* MonthView.swift in Sources */ = {isa = PBXBuildFile; fileRef = AD7FF1C82915654F00ACFA79 /* MonthView.swift */; };
		AD7FF1CB291567D400ACFA79 /* AddModalView.swift in Sources */ = {isa = PBXBuildFile; fileRef = AD7FF1CA291567D400ACFA79 /* AddModalView.swift */; };
/* End PBXBuildFile section */

/* Begin PBXFileReference section */
		AD7FF1B32915637900ACFA79 /* ToDoList5.app */ = {isa = PBXFileReference; explicitFileType = wrapper.application; includeInIndex = 0; path = ToDoList5.app; sourceTree = BUILT_PRODUCTS_DIR; };
		AD7FF1B62915637900ACFA79 /* ToDoList5App.swift */ = {isa = PBXFileReference; lastKnownFileType = sourcecode.swift; path = ToDoList5App.swift; sourceTree = "<group>"; };
		AD7FF1B82915637900ACFA79 /* ContentView.swift */ = {isa = PBXFileReference; lastKnownFileType = sourcecode.swift; path = ContentView.swift; sourceTree = "<group>"; };
		AD7FF1BA2915637A00ACFA79 /* Assets.xcassets */ = {isa = PBXFileReference; lastKnownFileType = folder.assetcatalog; path = Assets.xcassets; sourceTree = "<group>"; };
		AD7FF1BD2915637A00ACFA79 /* Preview Assets.xcassets */ = {isa = PBXFileReference; lastKnownFileType = folder.assetcatalog; path = "Preview Assets.xcassets"; sourceTree = "<group>"; };
		AD7FF1C42915641200ACFA79 /* ToDoList.swift */ = {isa = PBXFileReference; lastKnownFileType = sourcecode.swift; path = ToDoList.swift; sourceTree = "<group>"; };
		AD7FF1C62915645F00ACFA79 /* ToDoListStore.swift */ = {isa = PBXFileReference; lastKnownFileType = sourcecode.swift; path = ToDoListStore.swift; sourceTree = "<group>"; };
		AD7FF1C82915654F00ACFA79 /* MonthView.swift */ = {isa = PBXFileReference; lastKnownFileType = sourcecode.swift; path = MonthView.swift; sourceTree = "<group>"; };
		AD7FF1CA291567D400ACFA79 /* AddModalView.swift */ = {isa = PBXFileReference; lastKnownFileType = sourcecode.swift; path = AddModalView.swift; sourceTree = "<group>"; };
/* End PBXFileReference section */

/* Begin PBXFrameworksBuildPhase section */
		AD7FF1B02915637900ACFA79 /* Frameworks */ = {
			isa = PBXFrameworksBuildPhase;
			buildActionMask = 2147483647;
			files = (
			);
			runOnlyForDeploymentPostprocessing = 0;
		};
/* End PBXFrameworksBuildPhase section */

/* Begin PBXGroup section */
		AD7FF1AA2915637900ACFA79 = {
			isa = PBXGroup;
			children = (
				AD7FF1B52915637900ACFA79 /* ToDoList5 */,
				AD7FF1B42915637900ACFA79 /* Products */,
			);
			sourceTree = "<group>";
		};
		AD7FF1B42915637900ACFA79 /* Products */ = {
			isa = PBXGroup;
			children = (
				AD7FF1B32915637900ACFA79 /* ToDoList5.app */,
			);
			name = Products;
			sourceTree = "<group>";
		};
		AD7FF1B52915637900ACFA79 /* ToDoList5 */ = {
			isa = PBXGroup;
			children = (
				AD7FF1B62915637900ACFA79 /* ToDoList5App.swift */,
				AD7FF1B82915637900ACFA79 /* ContentView.swift */,
				AD7FF1C82915654F00ACFA79 /* MonthView.swift */,
				AD7FF1CA291567D400ACFA79 /* AddModalView.swift */,
				AD7FF1C42915641200ACFA79 /* ToDoList.swift */,
				AD7FF1C62915645F00ACFA79 /* ToDoListStore.swift */,
				AD7FF1BA2915637A00ACFA79 /* Assets.xcassets */,
				AD7FF1BC2915637A00ACFA79 /* Preview Content */,
			);
			path = ToDoList5;
			sourceTree = "<group>";
		};
		AD7FF1BC2915637A00ACFA79 /* Preview Content */ = {
			isa = PBXGroup;
			children = (
				AD7FF1BD2915637A00ACFA79 /* Preview Assets.xcassets */,
			);
			path = "Preview Content";
			sourceTree = "<group>";
		};
/* End PBXGroup section */

/* Begin PBXNativeTarget section */
		AD7FF1B22915637900ACFA79 /* ToDoList5 */ = {
			isa = PBXNativeTarget;
			buildConfigurationList = AD7FF1C12915637A00ACFA79 /* Build configuration list for PBXNativeTarget "ToDoList5" */;
			buildPhases = (
				AD7FF1AF2915637900ACFA79 /* Sources */,
				AD7FF1B02915637900ACFA79 /* Frameworks */,
				AD7FF1B12915637900ACFA79 /* Resources */,
			);
			buildRules = (
			);
			dependencies = (
			);
			name = ToDoList5;
			productName = ToDoList5;
			productReference = AD7FF1B32915637900ACFA79 /* ToDoList5.app */;
			productType = "com.apple.product-type.application";
		};
/* End PBXNativeTarget section */

/* Begin PBXProject section */
		AD7FF1AB2915637900ACFA79 /* Project object */ = {
			isa = PBXProject;
			attributes = {
				BuildIndependentTargetsInParallel = 1;
				LastSwiftUpdateCheck = 1410;
				LastUpgradeCheck = 1410;
				TargetAttributes = {
					AD7FF1B22915637900ACFA79 = {
						CreatedOnToolsVersion = 14.1;
					};
				};
			};
			buildConfigurationList = AD7FF1AE2915637900ACFA79 /* Build configuration list for PBXProject "ToDoList5" */;
			compatibilityVersion = "Xcode 14.0";
			developmentRegion = en;
			hasScannedForEncodings = 0;
			knownRegions = (
				en,
				Base,
			);
			mainGroup = AD7FF1AA2915637900ACFA79;
			productRefGroup = AD7FF1B42915637900ACFA79 /* Products */;
			projectDirPath = "";
			projectRoot = "";
			targets = (
				AD7FF1B22915637900ACFA79 /* ToDoList5 */,
			);
		};
/* End PBXProject section */

/* Begin PBXResourcesBuildPhase section */
		AD7FF1B12915637900ACFA79 /* Resources */ = {
			isa = PBXResourcesBuildPhase;
			buildActionMask = 2147483647;
			files = (
				AD7FF1BE2915637A00ACFA79 /* Preview Assets.xcassets in Resources */,
				AD7FF1BB2915637A00ACFA79 /* Assets.xcassets in Resources */,
			);
			runOnlyForDeploymentPostprocessing = 0;
		};
/* End PBXResourcesBuildPhase section */

/* Begin PBXSourcesBuildPhase section */
		AD7FF1AF2915637900ACFA79 /* Sources */ = {
			isa = PBXSourcesBuildPhase;
			buildActionMask = 2147483647;
			files = (
				AD7FF1CB291567D400ACFA79 /* AddModalView.swift in Sources */,
				AD7FF1B92915637900ACFA79 /* ContentView.swift in Sources */,
				AD7FF1C92915654F00ACFA79 /* MonthView.swift in Sources */,
				AD7FF1C72915645F00ACFA79 /* ToDoListStore.swift in Sources */,
				AD7FF1C52915641200ACFA79 /* ToDoList.swift in Sources */,
				AD7FF1B72915637900ACFA79 /* ToDoList5App.swift in Sources */,
			);
			runOnlyForDeploymentPostprocessing = 0;
		};
/* End PBXSourcesBuildPhase section */

/* Begin XCBuildConfiguration section */
		AD7FF1BF2915637A00ACFA79 /* Debug */ = {
			isa = XCBuildConfiguration;
			buildSettings = {
				ALWAYS_SEARCH_USER_PATHS = NO;
				CLANG_ANALYZER_NONNULL = YES;
				CLANG_ANALYZER_NUMBER_OBJECT_CONVERSION = YES_AGGRESSIVE;
				CLANG_CXX_LANGUAGE_STANDARD = "gnu++20";
				CLANG_ENABLE_MODULES = YES;
				CLANG_ENABLE_OBJC_ARC = YES;
				CLANG_ENABLE_OBJC_WEAK = YES;
				CLANG_WARN_BLOCK_CAPTURE_AUTORELEASING = YES;
				CLANG_WARN_BOOL_CONVERSION = YES;
				CLANG_WARN_COMMA = YES;
				CLANG_WARN_CONSTANT_CONVERSION = YES;
				CLANG_WARN_DEPRECATED_OBJC_IMPLEMENTATIONS = YES;
				CLANG_WARN_DIRECT_OBJC_ISA_USAGE = YES_ERROR;
				CLANG_WARN_DOCUMENTATION_COMMENTS = YES;
				CLANG_WARN_EMPTY_BODY = YES;
				CLANG_WARN_ENUM_CONVERSION = YES;
				CLANG_WARN_INFINITE_RECURSION = YES;
				CLANG_WARN_INT_CONVERSION = YES;
				CLANG_WARN_NON_LITERAL_NULL_CONVERSION = YES;
				CLANG_WARN_OBJC_IMPLICIT_RETAIN_SELF = YES;
				CLANG_WARN_OBJC_LITERAL_CONVERSION = YES;
				CLANG_WARN_OBJC_ROOT_CLASS = YES_ERROR;
				CLANG_WARN_QUOTED_INCLUDE_IN_FRAMEWORK_HEADER = YES;
				CLANG_WARN_RANGE_LOOP_ANALYSIS = YES;
				CLANG_WARN_STRICT_PROTOTYPES = YES;
				CLANG_WARN_SUSPICIOUS_MOVE = YES;
				CLANG_WARN_UNGUARDED_AVAILABILITY = YES_AGGRESSIVE;
				CLANG_WARN_UNREACHABLE_CODE = YES;
				CLANG_WARN__DUPLICATE_METHOD_MATCH = YES;
				COPY_PHASE_STRIP = NO;
				DEBUG_INFORMATION_FORMAT = dwarf;
				ENABLE_STRICT_OBJC_MSGSEND = YES;
				ENABLE_TESTABILITY = YES;
				GCC_C_LANGUAGE_STANDARD = gnu11;
				GCC_DYNAMIC_NO_PIC = NO;
				GCC_NO_COMMON_BLOCKS = YES;
				GCC_OPTIMIZATION_LEVEL = 0;
				GCC_PREPROCESSOR_DEFINITIONS = (
					"DEBUG=1",
					"$(inherited)",
				);
				GCC_WARN_64_TO_32_BIT_CONVERSION = YES;
				GCC_WARN_ABOUT_RETURN_TYPE = YES_ERROR;
				GCC_WARN_UNDECLARED_SELECTOR = YES;
				GCC_WARN_UNINITIALIZED_AUTOS = YES_AGGRESSIVE;
				GCC_WARN_UNUSED_FUNCTION = YES;
				GCC_WARN_UNUSED_VARIABLE = YES;
				IPHONEOS_DEPLOYMENT_TARGET = 16.1;
				MTL_ENABLE_DEBUG_INFO = INCLUDE_SOURCE;
				MTL_FAST_MATH = YES;
				ONLY_ACTIVE_ARCH = YES;
				SDKROOT = iphoneos;
				SWIFT_ACTIVE_COMPILATION_CONDITIONS = DEBUG;
				SWIFT_OPTIMIZATION_LEVEL = "-Onone";
			};
			name = Debug;
		};
		AD7FF1C02915637A00ACFA79 /* Release */ = {
			isa = XCBuildConfiguration;
			buildSettings = {
				ALWAYS_SEARCH_USER_PATHS = NO;
				CLANG_ANALYZER_NONNULL = YES;
				CLANG_ANALYZER_NUMBER_OBJECT_CONVERSION = YES_AGGRESSIVE;
				CLANG_CXX_LANGUAGE_STANDARD = "gnu++20";
				CLANG_ENABLE_MODULES = YES;
				CLANG_ENABLE_OBJC_ARC = YES;
				CLANG_ENABLE_OBJC_WEAK = YES;
				CLANG_WARN_BLOCK_CAPTURE_AUTORELEASING = YES;
				CLANG_WARN_BOOL_CONVERSION = YES;
				CLANG_WARN_COMMA = YES;
				CLANG_WARN_CONSTANT_CONVERSION = YES;
				CLANG_WARN_DEPRECATED_OBJC_IMPLEMENTATIONS = YES;
				CLANG_WARN_DIRECT_OBJC_ISA_USAGE = YES_ERROR;
				CLANG_WARN_DOCUMENTATION_COMMENTS = YES;
				CLANG_WARN_EMPTY_BODY = YES;
				CLANG_WARN_ENUM_CONVERSION = YES;
				CLANG_WARN_INFINITE_RECURSION = YES;
				CLANG_WARN_INT_CONVERSION = YES;
				CLANG_WARN_NON_LITERAL_NULL_CONVERSION = YES;
				CLANG_WARN_OBJC_IMPLICIT_RETAIN_SELF = YES;
				CLANG_WARN_OBJC_LITERAL_CONVERSION = YES;
				CLANG_WARN_OBJC_ROOT_CLASS = YES_ERROR;
				CLANG_WARN_QUOTED_INCLUDE_IN_FRAMEWORK_HEADER = YES;
				CLANG_WARN_RANGE_LOOP_ANALYSIS = YES;
				CLANG_WARN_STRICT_PROTOTYPES = YES;
				CLANG_WARN_SUSPICIOUS_MOVE = YES;
				CLANG_WARN_UNGUARDED_AVAILABILITY = YES_AGGRESSIVE;
				CLANG_WARN_UNREACHABLE_CODE = YES;
				CLANG_WARN__DUPLICATE_METHOD_MATCH = YES;
				COPY_PHASE_STRIP = NO;
				DEBUG_INFORMATION_FORMAT = "dwarf-with-dsym";
				ENABLE_NS_ASSERTIONS = NO;
				ENABLE_STRICT_OBJC_MSGSEND = YES;
				GCC_C_LANGUAGE_STANDARD = gnu11;
				GCC_NO_COMMON_BLOCKS = YES;
				GCC_WARN_64_TO_32_BIT_CONVERSION = YES;
				GCC_WARN_ABOUT_RETURN_TYPE = YES_ERROR;
				GCC_WARN_UNDECLARED_SELECTOR = YES;
				GCC_WARN_UNINITIALIZED_AUTOS = YES_AGGRESSIVE;
				GCC_WARN_UNUSED_FUNCTION = YES;
				GCC_WARN_UNUSED_VARIABLE = YES;
				IPHONEOS_DEPLOYMENT_TARGET = 16.1;
				MTL_ENABLE_DEBUG_INFO = NO;
				MTL_FAST_MATH = YES;
				SDKROOT = iphoneos;
				SWIFT_COMPILATION_MODE = wholemodule;
				SWIFT_OPTIMIZATION_LEVEL = "-O";
				VALIDATE_PRODUCT = YES;
			};
			name = Release;
		};
		AD7FF1C22915637A00ACFA79 /* Debug */ = {
			isa = XCBuildConfiguration;
			buildSettings = {
				ASSETCATALOG_COMPILER_APPICON_NAME = AppIcon;
				ASSETCATALOG_COMPILER_GLOBAL_ACCENT_COLOR_NAME = AccentColor;
				CODE_SIGN_STYLE = Automatic;
				CURRENT_PROJECT_VERSION = 1;
				DEVELOPMENT_ASSET_PATHS = "\"ToDoList5/Preview Content\"";
				ENABLE_PREVIEWS = YES;
				GENERATE_INFOPLIST_FILE = YES;
				INFOPLIST_KEY_UIApplicationSceneManifest_Generation = YES;
				INFOPLIST_KEY_UIApplicationSupportsIndirectInputEvents = YES;
				INFOPLIST_KEY_UILaunchScreen_Generation = YES;
				INFOPLIST_KEY_UISupportedInterfaceOrientations_iPad = "UIInterfaceOrientationPortrait UIInterfaceOrientationPortraitUpsideDown UIInterfaceOrientationLandscapeLeft UIInterfaceOrientationLandscapeRight";
				INFOPLIST_KEY_UISupportedInterfaceOrientations_iPhone = "UIInterfaceOrientationPortrait UIInterfaceOrientationLandscapeLeft UIInterfaceOrientationLandscapeRight";
				LD_RUNPATH_SEARCH_PATHS = (
					"$(inherited)",
					"@executable_path/Frameworks",
				);
				MARKETING_VERSION = 1.0;
				PRODUCT_BUNDLE_IDENTIFIER = com.codelion.ToDoList5;
				PRODUCT_NAME = "$(TARGET_NAME)";
				SWIFT_EMIT_LOC_STRINGS = YES;
				SWIFT_VERSION = 5.0;
				TARGETED_DEVICE_FAMILY = "1,2";
			};
			name = Debug;
		};
		AD7FF1C32915637A00ACFA79 /* Release */ = {
			isa = XCBuildConfiguration;
			buildSettings = {
				ASSETCATALOG_COMPILER_APPICON_NAME = AppIcon;
				ASSETCATALOG_COMPILER_GLOBAL_ACCENT_COLOR_NAME = AccentColor;
				CODE_SIGN_STYLE = Automatic;
				CURRENT_PROJECT_VERSION = 1;
				DEVELOPMENT_ASSET_PATHS = "\"ToDoList5/Preview Content\"";
				ENABLE_PREVIEWS = YES;
				GENERATE_INFOPLIST_FILE = YES;
				INFOPLIST_KEY_UIApplicationSceneManifest_Generation = YES;
				INFOPLIST_KEY_UIApplicationSupportsIndirectInputEvents = YES;
				INFOPLIST_KEY_UILaunchScreen_Generation = YES;
				INFOPLIST_KEY_UISupportedInterfaceOrientations_iPad = "UIInterfaceOrientationPortrait UIInterfaceOrientationPortraitUpsideDown UIInterfaceOrientationLandscapeLeft UIInterfaceOrientationLandscapeRight";
				INFOPLIST_KEY_UISupportedInterfaceOrientations_iPhone = "UIInterfaceOrientationPortrait UIInterfaceOrientationLandscapeLeft UIInterfaceOrientationLandscapeRight";
				LD_RUNPATH_SEARCH_PATHS = (
					"$(inherited)",
					"@executable_path/Frameworks",
				);
				MARKETING_VERSION = 1.0;
				PRODUCT_BUNDLE_IDENTIFIER = com.codelion.ToDoList5;
				PRODUCT_NAME = "$(TARGET_NAME)";
				SWIFT_EMIT_LOC_STRINGS = YES;
				SWIFT_VERSION = 5.0;
				TARGETED_DEVICE_FAMILY = "1,2";
			};
			name = Release;
		};
/* End XCBuildConfiguration section */

/* Begin XCConfigurationList section */
		AD7FF1AE2915637900ACFA79 /* Build configuration list for PBXProject "ToDoList5" */ = {
			isa = XCConfigurationList;
			buildConfigurations = (
				AD7FF1BF2915637A00ACFA79 /* Debug */,
				AD7FF1C02915637A00ACFA79 /* Release */,
			);
			defaultConfigurationIsVisible = 0;
			defaultConfigurationName = Release;
		};
		AD7FF1C12915637A00ACFA79 /* Build configuration list for PBXNativeTarget "ToDoList5" */ = {
			isa = XCConfigurationList;
			buildConfigurations = (
				AD7FF1C22915637A00ACFA79 /* Debug */,
				AD7FF1C32915637A00ACFA79 /* Release */,
			);
			defaultConfigurationIsVisible = 0;
			defaultConfigurationName = Release;
		};
/* End XCConfigurationList section */
	};
	rootObject = AD7FF1AB2915637900ACFA79 /* Project object */;
}
